{
  "name": "DGU_AgentU",
  "lockfileVersion": 2,
  "requires": true,
  "packages": {
    "": {
      "dependencies": {
        "weui-miniprogram": "^1.0.6"
      }
    },
    "node_modules/weui-miniprogram": {
      "version": "1.0.6",
      "resolved": "https://registry.npmjs.org/weui-miniprogram/-/weui-miniprogram-1.0.6.tgz",
      "integrity": "sha512-ZegGoOE6Gok3YkTTmlbsgAnd6+0SyqREzfCy160ttW3TC884bkgMHj9zZeXIPQSbIp18rg99I5qWJr5o44QodQ=="
    }
  },
  "dependencies": {
    "weui-miniprogram": {
      "version": "1.0.6",
      "resolved": "https://registry.npmjs.org/weui-miniprogram/-/weui-miniprogram-1.0.6.tgz",
      "integrity": "sha512-ZegGoOE6Gok3YkTTmlbsgAnd6+0SyqREzfCy160ttW3TC884bkgMHj9zZeXIPQSbIp18rg99I5qWJr5o44QodQ=="
    }
  }
}
